
Microsoft Visual Studio Solution File, Format Version 12.00
# Visual Studio 15
VisualStudioVersion = 15.0.28307.1684
MinimumVisualStudioVersion = 10.0.40219.1
Project("{8BC9CEB8-8B4A-11D0-8D11-00A0C91BC942}") = "CH4_P9", "CH4_P9\CH4_P9.vcxproj", "{EBAFD7A6-3777-4441-B993-D5631C31FD34}"
EndProject
Global
	GlobalSection(SolutionConfigurationPlatforms) = preSolution
		Debug|x64 = Debug|x64
		Debug|x86 = Debug|x86
		Release|x64 = Release|x64
		Release|x86 = Release|x86
	EndGlobalSection
	GlobalSection(ProjectConfigurationPlatforms) = postSolution
		{EBAFD7A6-3777-4441-B993-D5631C31FD34}.Debug|x64.ActiveCfg = Debug|x64
		{EBAFD7A6-3777-4441-B993-D5631C31FD34}.Debug|x64.Build.0 = Debug|x64
		{EBAFD7A6-3777-4441-B993-D5631C31FD34}.Debug|x86.ActiveCfg = Debug|Win32
		{EBAFD7A6-3777-4441-B993-D5631C31FD34}.Debug|x86.Build.0 = Debug|Win32
		{EBAFD7A6-3777-4441-B993-D5631C31FD34}.Release|x64.ActiveCfg = Release|x64
		{EBAFD7A6-3777-4441-B993-D5631C31FD34}.Release|x64.Build.0 = Release|x64
		{EBAFD7A6-3777-4441-B993-D5631C31FD34}.Release|x86.ActiveCfg = Release|Win32
		{EBAFD7A6-3777-4441-B993-D5631C31FD34}.Release|x86.Build.0 = Release|Win32
	EndGlobalSection
	GlobalSection(SolutionProperties) = preSolution
		HideSolutionNode = FALSE
	EndGlobalSection
	GlobalSection(ExtensibilityGlobals) = postSolution
		SolutionGuid = {B7B78FA6-BFE2-4B4B-B5E4-C96B8503FB92}
	EndGlobalSection
EndGlobal
