
Microsoft Visual Studio Solution File, Format Version 12.00
# Visual Studio 15
VisualStudioVersion = 15.0.28307.1684
MinimumVisualStudioVersion = 10.0.40219.1
Project("{8BC9CEB8-8B4A-11D0-8D11-00A0C91BC942}") = "CH5_P14", "CH5_P14\CH5_P14.vcxproj", "{47249EAF-2B5D-4725-B481-335821867A5A}"
EndProject
Global
	GlobalSection(SolutionConfigurationPlatforms) = preSolution
		Debug|x64 = Debug|x64
		Debug|x86 = Debug|x86
		Release|x64 = Release|x64
		Release|x86 = Release|x86
	EndGlobalSection
	GlobalSection(ProjectConfigurationPlatforms) = postSolution
		{47249EAF-2B5D-4725-B481-335821867A5A}.Debug|x64.ActiveCfg = Debug|x64
		{47249EAF-2B5D-4725-B481-335821867A5A}.Debug|x64.Build.0 = Debug|x64
		{47249EAF-2B5D-4725-B481-335821867A5A}.Debug|x86.ActiveCfg = Debug|Win32
		{47249EAF-2B5D-4725-B481-335821867A5A}.Debug|x86.Build.0 = Debug|Win32
		{47249EAF-2B5D-4725-B481-335821867A5A}.Release|x64.ActiveCfg = Release|x64
		{47249EAF-2B5D-4725-B481-335821867A5A}.Release|x64.Build.0 = Release|x64
		{47249EAF-2B5D-4725-B481-335821867A5A}.Release|x86.ActiveCfg = Release|Win32
		{47249EAF-2B5D-4725-B481-335821867A5A}.Release|x86.Build.0 = Release|Win32
	EndGlobalSection
	GlobalSection(SolutionProperties) = preSolution
		HideSolutionNode = FALSE
	EndGlobalSection
	GlobalSection(ExtensibilityGlobals) = postSolution
		SolutionGuid = {A5AB6A57-4F4E-467D-83E2-E484693780D9}
	EndGlobalSection
EndGlobal
